
Microsoft Visual Studio Solution File, Format Version 12.00
# Visual Studio Version 17
VisualStudioVersion = 17.2.32616.157
MinimumVisualStudioVersion = 10.0.40219.1
Project("{54A90642-561A-4BB1-A94E-469ADEE60C69}") = "frontend", "frontend\frontend.esproj", "{7D844BD3-76C9-4F82-B0E3-F3E0101FC002}"
EndProject
Project("{FAE04EC0-301F-11D3-BF4B-00C04F79EFBC}") = "backend", "backend\backend.csproj", "{04AD8596-451F-42C0-97A9-14ECEABED2EC}"
EndProject
Global
	GlobalSection(SolutionConfigurationPlatforms) = preSolution
		Debug|Any CPU = Debug|Any CPU
		Release|Any CPU = Release|Any CPU
	EndGlobalSection
	GlobalSection(ProjectConfigurationPlatforms) = postSolution
		{7D844BD3-76C9-4F82-B0E3-F3E0101FC002}.Debug|Any CPU.ActiveCfg = Debug|Any CPU
		{7D844BD3-76C9-4F82-B0E3-F3E0101FC002}.Debug|Any CPU.Build.0 = Debug|Any CPU
		{7D844BD3-76C9-4F82-B0E3-F3E0101FC002}.Debug|Any CPU.Deploy.0 = Debug|Any CPU
		{7D844BD3-76C9-4F82-B0E3-F3E0101FC002}.Release|Any CPU.ActiveCfg = Release|Any CPU
		{7D844BD3-76C9-4F82-B0E3-F3E0101FC002}.Release|Any CPU.Build.0 = Release|Any CPU
		{7D844BD3-76C9-4F82-B0E3-F3E0101FC002}.Release|Any CPU.Deploy.0 = Release|Any CPU
		{04AD8596-451F-42C0-97A9-14ECEABED2EC}.Debug|Any CPU.ActiveCfg = Debug|Any CPU
		{04AD8596-451F-42C0-97A9-14ECEABED2EC}.Debug|Any CPU.Build.0 = Debug|Any CPU
		{04AD8596-451F-42C0-97A9-14ECEABED2EC}.Release|Any CPU.ActiveCfg = Release|Any CPU
		{04AD8596-451F-42C0-97A9-14ECEABED2EC}.Release|Any CPU.Build.0 = Release|Any CPU
	EndGlobalSection
	GlobalSection(SolutionProperties) = preSolution
		HideSolutionNode = FALSE
	EndGlobalSection
	GlobalSection(ExtensibilityGlobals) = postSolution
		SolutionGuid = {60D80B26-518C-4CF5-BF14-989FA1C5B351}
	EndGlobalSection
EndGlobal
