
Microsoft Visual Studio Solution File, Format Version 12.00
# Visual Studio Version 17
VisualStudioVersion = 17.2.32616.157
MinimumVisualStudioVersion = 10.0.40219.1
Project("{54A90642-561A-4BB1-A94E-469ADEE60C69}") = "vueweatherforecast", "VueWeatherForecast\vueweatherforecast.esproj", "{4AC609F7-FF2B-401D-A146-EED49827915D}"
EndProject
Project("{FAE04EC0-301F-11D3-BF4B-00C04F79EFBC}") = "AspWeatherForecast", "AspWeatherForecast\AspWeatherForecast.csproj", "{0621761B-9FD0-4C7D-8508-2FB714599061}"
EndProject
Global
	GlobalSection(SolutionConfigurationPlatforms) = preSolution
		Debug|Any CPU = Debug|Any CPU
		Release|Any CPU = Release|Any CPU
	EndGlobalSection
	GlobalSection(ProjectConfigurationPlatforms) = postSolution
		{4AC609F7-FF2B-401D-A146-EED49827915D}.Debug|Any CPU.ActiveCfg = Debug|Any CPU
		{4AC609F7-FF2B-401D-A146-EED49827915D}.Debug|Any CPU.Build.0 = Debug|Any CPU
		{4AC609F7-FF2B-401D-A146-EED49827915D}.Debug|Any CPU.Deploy.0 = Debug|Any CPU
		{4AC609F7-FF2B-401D-A146-EED49827915D}.Release|Any CPU.ActiveCfg = Release|Any CPU
		{4AC609F7-FF2B-401D-A146-EED49827915D}.Release|Any CPU.Build.0 = Release|Any CPU
		{4AC609F7-FF2B-401D-A146-EED49827915D}.Release|Any CPU.Deploy.0 = Release|Any CPU
		{0621761B-9FD0-4C7D-8508-2FB714599061}.Debug|Any CPU.ActiveCfg = Debug|Any CPU
		{0621761B-9FD0-4C7D-8508-2FB714599061}.Debug|Any CPU.Build.0 = Debug|Any CPU
		{0621761B-9FD0-4C7D-8508-2FB714599061}.Release|Any CPU.ActiveCfg = Release|Any CPU
		{0621761B-9FD0-4C7D-8508-2FB714599061}.Release|Any CPU.Build.0 = Release|Any CPU
	EndGlobalSection
	GlobalSection(SolutionProperties) = preSolution
		HideSolutionNode = FALSE
	EndGlobalSection
	GlobalSection(ExtensibilityGlobals) = postSolution
		SolutionGuid = {EBFF0FC9-BF8C-46EA-96CF-B25B3CB5931A}
	EndGlobalSection
EndGlobal
